// !$*UTF8*$!
{
	archiveVersion = 1;
	classes = {
	};
	objectVersion = 55;
	objects = {

/* Begin PBXBuildFile section */
		7547A0B92D32984E0098CA11 /* AppDelegate.swift in Sources */ = {isa = PBXBuildFile; fileRef = 7547A0B82D32984E0098CA11 /* AppDelegate.swift */; };
		7547A0BB2D32984E0098CA11 /* SceneDelegate.swift in Sources */ = {isa = PBXBuildFile; fileRef = 7547A0BA2D32984E0098CA11 /* SceneDelegate.swift */; };
		7547A0C22D3298530098CA11 /* Assets.xcassets in Resources */ = {isa = PBXBuildFile; fileRef = 7547A0C12D3298530098CA11 /* Assets.xcassets */; };
		7547A0C52D3298530098CA11 /* LaunchScreen.storyboard in Resources */ = {isa = PBXBuildFile; fileRef = 7547A0C32D3298530098CA11 /* LaunchScreen.storyboard */; };
		7547A0CF2D32A7360098CA11 /* Builder.swift in Sources */ = {isa = PBXBuildFile; fileRef = 7547A0CE2D32A7360098CA11 /* Builder.swift */; };
		7547A0E32D339A240098CA11 /* TextModel.swift in Sources */ = {isa = PBXBuildFile; fileRef = 7547A0E22D339A240098CA11 /* TextModel.swift */; };
		7547A0E52D339B3D0098CA11 /* ImageModel.swift in Sources */ = {isa = PBXBuildFile; fileRef = 7547A0E42D339B3D0098CA11 /* ImageModel.swift */; };
		7547A0F22D33A8D30098CA11 /* TextViewPresenter.swift in Sources */ = {isa = PBXBuildFile; fileRef = 7547A0F12D33A8D30098CA11 /* TextViewPresenter.swift */; };
		7547A0F42D33A8F40098CA11 /* TextViewController.swift in Sources */ = {isa = PBXBuildFile; fileRef = 7547A0F32D33A8F40098CA11 /* TextViewController.swift */; };
		7547A0F62D33B9720098CA11 /* TabBarViewController.swift in Sources */ = {isa = PBXBuildFile; fileRef = 7547A0F52D33B9720098CA11 /* TabBarViewController.swift */; };
		7547A0F82D33B9A40098CA11 /* TabBarViewPresenter.swift in Sources */ = {isa = PBXBuildFile; fileRef = 7547A0F72D33B9A40098CA11 /* TabBarViewPresenter.swift */; };
		7547A0FA2D33BF170098CA11 /* ImageViewPresenter.swift in Sources */ = {isa = PBXBuildFile; fileRef = 7547A0F92D33BF170098CA11 /* ImageViewPresenter.swift */; };
		7547A0FC2D33BF2F0098CA11 /* ImageViewController.swift in Sources */ = {isa = PBXBuildFile; fileRef = 7547A0FB2D33BF2F0098CA11 /* ImageViewController.swift */; };
		7547A0FE2D33C0200098CA11 /* SettingsViewPresenter.swift in Sources */ = {isa = PBXBuildFile; fileRef = 7547A0FD2D33C0200098CA11 /* SettingsViewPresenter.swift */; };
		7547A1002D33C0320098CA11 /* SettingViewController.swift in Sources */ = {isa = PBXBuildFile; fileRef = 7547A0FF2D33C0320098CA11 /* SettingViewController.swift */; };
/* End PBXBuildFile section */

/* Begin PBXFileReference section */
		7547A0B52D32984E0098CA11 /* Lesson3_3.app */ = {isa = PBXFileReference; explicitFileType = wrapper.application; includeInIndex = 0; path = Lesson3_3.app; sourceTree = BUILT_PRODUCTS_DIR; };
		7547A0B82D32984E0098CA11 /* AppDelegate.swift */ = {isa = PBXFileReference; lastKnownFileType = sourcecode.swift; path = AppDelegate.swift; sourceTree = "<group>"; };
		7547A0BA2D32984E0098CA11 /* SceneDelegate.swift */ = {isa = PBXFileReference; lastKnownFileType = sourcecode.swift; path = SceneDelegate.swift; sourceTree = "<group>"; };
		7547A0C12D3298530098CA11 /* Assets.xcassets */ = {isa = PBXFileReference; lastKnownFileType = folder.assetcatalog; path = Assets.xcassets; sourceTree = "<group>"; };
		7547A0C42D3298530098CA11 /* Base */ = {isa = PBXFileReference; lastKnownFileType = file.storyboard; name = Base; path = Base.lproj/LaunchScreen.storyboard; sourceTree = "<group>"; };
		7547A0C62D3298530098CA11 /* Info.plist */ = {isa = PBXFileReference; lastKnownFileType = text.plist.xml; path = Info.plist; sourceTree = "<group>"; };
		7547A0CE2D32A7360098CA11 /* Builder.swift */ = {isa = PBXFileReference; lastKnownFileType = sourcecode.swift; path = Builder.swift; sourceTree = "<group>"; };
		7547A0E22D339A240098CA11 /* TextModel.swift */ = {isa = PBXFileReference; lastKnownFileType = sourcecode.swift; name = TextModel.swift; path = ../../../../../../../TextModel.swift; sourceTree = "<group>"; };
		7547A0E42D339B3D0098CA11 /* ImageModel.swift */ = {isa = PBXFileReference; lastKnownFileType = sourcecode.swift; name = ImageModel.swift; path = ../../../../../../../ImageModel.swift; sourceTree = "<group>"; };
		7547A0F12D33A8D30098CA11 /* TextViewPresenter.swift */ = {isa = PBXFileReference; lastKnownFileType = sourcecode.swift; name = TextViewPresenter.swift; path = ../../../../../../../TextViewPresenter.swift; sourceTree = "<group>"; };
		7547A0F32D33A8F40098CA11 /* TextViewController.swift */ = {isa = PBXFileReference; lastKnownFileType = sourcecode.swift; name = TextViewController.swift; path = ../../../../../../../TextViewController.swift; sourceTree = "<group>"; };
		7547A0F52D33B9720098CA11 /* TabBarViewController.swift */ = {isa = PBXFileReference; lastKnownFileType = sourcecode.swift; name = TabBarViewController.swift; path = ../../../../../../../TabBarViewController.swift; sourceTree = "<group>"; };
		7547A0F72D33B9A40098CA11 /* TabBarViewPresenter.swift */ = {isa = PBXFileReference; lastKnownFileType = sourcecode.swift; name = TabBarViewPresenter.swift; path = ../../../../../../../TabBarViewPresenter.swift; sourceTree = "<group>"; };
		7547A0F92D33BF170098CA11 /* ImageViewPresenter.swift */ = {isa = PBXFileReference; lastKnownFileType = sourcecode.swift; name = ImageViewPresenter.swift; path = ../../../../../../../ImageViewPresenter.swift; sourceTree = "<group>"; };
		7547A0FB2D33BF2F0098CA11 /* ImageViewController.swift */ = {isa = PBXFileReference; lastKnownFileType = sourcecode.swift; name = ImageViewController.swift; path = ../../../../../../../ImageViewController.swift; sourceTree = "<group>"; };
		7547A0FD2D33C0200098CA11 /* SettingsViewPresenter.swift */ = {isa = PBXFileReference; lastKnownFileType = sourcecode.swift; name = SettingsViewPresenter.swift; path = ../../../../../../../SettingsViewPresenter.swift; sourceTree = "<group>"; };
		7547A0FF2D33C0320098CA11 /* SettingViewController.swift */ = {isa = PBXFileReference; lastKnownFileType = sourcecode.swift; name = SettingViewController.swift; path = ../../../../../../../SettingViewController.swift; sourceTree = "<group>"; };
/* End PBXFileReference section */

/* Begin PBXFrameworksBuildPhase section */
		7547A0B22D32984D0098CA11 /* Frameworks */ = {
			isa = PBXFrameworksBuildPhase;
			buildActionMask = 2147483647;
			files = (
			);
			runOnlyForDeploymentPostprocessing = 0;
		};
/* End PBXFrameworksBuildPhase section */

/* Begin PBXGroup section */
		7547A0AC2D32984D0098CA11 = {
			isa = PBXGroup;
			children = (
				7547A0B72D32984E0098CA11 /* Lesson3_3 */,
				7547A0B62D32984E0098CA11 /* Products */,
			);
			sourceTree = "<group>";
		};
		7547A0B62D32984E0098CA11 /* Products */ = {
			isa = PBXGroup;
			children = (
				7547A0B52D32984E0098CA11 /* Lesson3_3.app */,
			);
			name = Products;
			sourceTree = "<group>";
		};
		7547A0B72D32984E0098CA11 /* Lesson3_3 */ = {
			isa = PBXGroup;
			children = (
				7547A0CC2D329A430098CA11 /* Setup */,
				7547A0CD2D32A71B0098CA11 /* Builder */,
				7547A0D72D3393370098CA11 /* Module */,
				7547A0C12D3298530098CA11 /* Assets.xcassets */,
				7547A0C32D3298530098CA11 /* LaunchScreen.storyboard */,
				7547A0C62D3298530098CA11 /* Info.plist */,
			);
			path = Lesson3_3;
			sourceTree = "<group>";
		};
		7547A0CC2D329A430098CA11 /* Setup */ = {
			isa = PBXGroup;
			children = (
				7547A0B82D32984E0098CA11 /* AppDelegate.swift */,
				7547A0BA2D32984E0098CA11 /* SceneDelegate.swift */,
			);
			path = Setup;
			sourceTree = "<group>";
		};
		7547A0CD2D32A71B0098CA11 /* Builder */ = {
			isa = PBXGroup;
			children = (
				7547A0CE2D32A7360098CA11 /* Builder.swift */,
			);
			path = Builder;
			sourceTree = "<group>";
		};
		7547A0D72D3393370098CA11 /* Module */ = {
			isa = PBXGroup;
			children = (
				7547A0D82D3393490098CA11 /* TabBar */,
				7547A0DD2D3398CF0098CA11 /* TextTab */,
				7547A0DE2D3398EA0098CA11 /* ImageTab */,
				7547A0DF2D3398F30098CA11 /* SettingsTab */,
			);
			path = Module;
			sourceTree = "<group>";
		};
		7547A0D82D3393490098CA11 /* TabBar */ = {
			isa = PBXGroup;
			children = (
				7547A0EA2D33A8170098CA11 /* View */,
				7547A0E82D33A7DC0098CA11 /* Presenter */,
			);
			path = TabBar;
			sourceTree = "<group>";
		};
		7547A0DD2D3398CF0098CA11 /* TextTab */ = {
			isa = PBXGroup;
			children = (
				7547A0EC2D33A85F0098CA11 /* View */,
				7547A0E62D33A7A60098CA11 /* Presenter */,
				7547A0E02D3399F40098CA11 /* Model */,
			);
			path = TextTab;
			sourceTree = "<group>";
		};
		7547A0DE2D3398EA0098CA11 /* ImageTab */ = {
			isa = PBXGroup;
			children = (
				7547A0ED2D33A8770098CA11 /* View */,
				7547A0E72D33A7B90098CA11 /* Presenter */,
				7547A0E12D339A000098CA11 /* Model */,
			);
			path = ImageTab;
			sourceTree = "<group>";
		};
		7547A0DF2D3398F30098CA11 /* SettingsTab */ = {
			isa = PBXGroup;
			children = (
				7547A0F02D33A8990098CA11 /* Model */,
				7547A0EF2D33A88F0098CA11 /* Presenter */,
				7547A0EE2D33A8890098CA11 /* View */,
			);
			path = SettingsTab;
			sourceTree = "<group>";
		};
		7547A0E02D3399F40098CA11 /* Model */ = {
			isa = PBXGroup;
			children = (
				7547A0E22D339A240098CA11 /* TextModel.swift */,
			);
			path = Model;
			sourceTree = "<group>";
		};
		7547A0E12D339A000098CA11 /* Model */ = {
			isa = PBXGroup;
			children = (
				7547A0E42D339B3D0098CA11 /* ImageModel.swift */,
			);
			path = Model;
			sourceTree = "<group>";
		};
		7547A0E62D33A7A60098CA11 /* Presenter */ = {
			isa = PBXGroup;
			children = (
				7547A0F12D33A8D30098CA11 /* TextViewPresenter.swift */,
			);
			path = Presenter;
			sourceTree = "<group>";
		};
		7547A0E72D33A7B90098CA11 /* Presenter */ = {
			isa = PBXGroup;
			children = (
				7547A0F92D33BF170098CA11 /* ImageViewPresenter.swift */,
			);
			path = Presenter;
			sourceTree = "<group>";
		};
		7547A0E82D33A7DC0098CA11 /* Presenter */ = {
			isa = PBXGroup;
			children = (
				7547A0F72D33B9A40098CA11 /* TabBarViewPresenter.swift */,
			);
			path = Presenter;
			sourceTree = "<group>";
		};
		7547A0EA2D33A8170098CA11 /* View */ = {
			isa = PBXGroup;
			children = (
				7547A0F52D33B9720098CA11 /* TabBarViewController.swift */,
			);
			path = View;
			sourceTree = "<group>";
		};
		7547A0EC2D33A85F0098CA11 /* View */ = {
			isa = PBXGroup;
			children = (
				7547A0F32D33A8F40098CA11 /* TextViewController.swift */,
			);
			path = View;
			sourceTree = "<group>";
		};
		7547A0ED2D33A8770098CA11 /* View */ = {
			isa = PBXGroup;
			children = (
				7547A0FB2D33BF2F0098CA11 /* ImageViewController.swift */,
			);
			path = View;
			sourceTree = "<group>";
		};
		7547A0EE2D33A8890098CA11 /* View */ = {
			isa = PBXGroup;
			children = (
				7547A0FF2D33C0320098CA11 /* SettingViewController.swift */,
			);
			path = View;
			sourceTree = "<group>";
		};
		7547A0EF2D33A88F0098CA11 /* Presenter */ = {
			isa = PBXGroup;
			children = (
				7547A0FD2D33C0200098CA11 /* SettingsViewPresenter.swift */,
			);
			path = Presenter;
			sourceTree = "<group>";
		};
		7547A0F02D33A8990098CA11 /* Model */ = {
			isa = PBXGroup;
			children = (
			);
			path = Model;
			sourceTree = "<group>";
		};
/* End PBXGroup section */

/* Begin PBXNativeTarget section */
		7547A0B42D32984D0098CA11 /* Lesson3_3 */ = {
			isa = PBXNativeTarget;
			buildConfigurationList = 7547A0C92D3298530098CA11 /* Build configuration list for PBXNativeTarget "Lesson3_3" */;
			buildPhases = (
				7547A0B12D32984D0098CA11 /* Sources */,
				7547A0B22D32984D0098CA11 /* Frameworks */,
				7547A0B32D32984D0098CA11 /* Resources */,
			);
			buildRules = (
			);
			dependencies = (
			);
			name = Lesson3_3;
			productName = Lesson3_3;
			productReference = 7547A0B52D32984E0098CA11 /* Lesson3_3.app */;
			productType = "com.apple.product-type.application";
		};
/* End PBXNativeTarget section */

/* Begin PBXProject section */
		7547A0AD2D32984D0098CA11 /* Project object */ = {
			isa = PBXProject;
			attributes = {
				BuildIndependentTargetsInParallel = 1;
				LastSwiftUpdateCheck = 1320;
				LastUpgradeCheck = 1320;
				TargetAttributes = {
					7547A0B42D32984D0098CA11 = {
						CreatedOnToolsVersion = 13.2.1;
					};
				};
			};
			buildConfigurationList = 7547A0B02D32984D0098CA11 /* Build configuration list for PBXProject "Lesson3_3" */;
			compatibilityVersion = "Xcode 13.0";
			developmentRegion = en;
			hasScannedForEncodings = 0;
			knownRegions = (
				en,
				Base,
			);
			mainGroup = 7547A0AC2D32984D0098CA11;
			productRefGroup = 7547A0B62D32984E0098CA11 /* Products */;
			projectDirPath = "";
			projectRoot = "";
			targets = (
				7547A0B42D32984D0098CA11 /* Lesson3_3 */,
			);
		};
/* End PBXProject section */

/* Begin PBXResourcesBuildPhase section */
		7547A0B32D32984D0098CA11 /* Resources */ = {
			isa = PBXResourcesBuildPhase;
			buildActionMask = 2147483647;
			files = (
				7547A0C52D3298530098CA11 /* LaunchScreen.storyboard in Resources */,
				7547A0C22D3298530098CA11 /* Assets.xcassets in Resources */,
			);
			runOnlyForDeploymentPostprocessing = 0;
		};
/* End PBXResourcesBuildPhase section */

/* Begin PBXSourcesBuildPhase section */
		7547A0B12D32984D0098CA11 /* Sources */ = {
			isa = PBXSourcesBuildPhase;
			buildActionMask = 2147483647;
			files = (
				7547A0E32D339A240098CA11 /* TextModel.swift in Sources */,
				7547A0F82D33B9A40098CA11 /* TabBarViewPresenter.swift in Sources */,
				7547A0FE2D33C0200098CA11 /* SettingsViewPresenter.swift in Sources */,
				7547A1002D33C0320098CA11 /* SettingViewController.swift in Sources */,
				7547A0B92D32984E0098CA11 /* AppDelegate.swift in Sources */,
				7547A0FA2D33BF170098CA11 /* ImageViewPresenter.swift in Sources */,
				7547A0BB2D32984E0098CA11 /* SceneDelegate.swift in Sources */,
				7547A0CF2D32A7360098CA11 /* Builder.swift in Sources */,
				7547A0F22D33A8D30098CA11 /* TextViewPresenter.swift in Sources */,
				7547A0F62D33B9720098CA11 /* TabBarViewController.swift in Sources */,
				7547A0F42D33A8F40098CA11 /* TextViewController.swift in Sources */,
				7547A0FC2D33BF2F0098CA11 /* ImageViewController.swift in Sources */,
				7547A0E52D339B3D0098CA11 /* ImageModel.swift in Sources */,
			);
			runOnlyForDeploymentPostprocessing = 0;
		};
/* End PBXSourcesBuildPhase section */

/* Begin PBXVariantGroup section */
		7547A0C32D3298530098CA11 /* LaunchScreen.storyboard */ = {
			isa = PBXVariantGroup;
			children = (
				7547A0C42D3298530098CA11 /* Base */,
			);
			name = LaunchScreen.storyboard;
			sourceTree = "<group>";
		};
/* End PBXVariantGroup section */

/* Begin XCBuildConfiguration section */
		7547A0C72D3298530098CA11 /* Debug */ = {
			isa = XCBuildConfiguration;
			buildSettings = {
				ALWAYS_SEARCH_USER_PATHS = NO;
				CLANG_ANALYZER_NONNULL = YES;
				CLANG_ANALYZER_NUMBER_OBJECT_CONVERSION = YES_AGGRESSIVE;
				CLANG_CXX_LANGUAGE_STANDARD = "gnu++17";
				CLANG_CXX_LIBRARY = "libc++";
				CLANG_ENABLE_MODULES = YES;
				CLANG_ENABLE_OBJC_ARC = YES;
				CLANG_ENABLE_OBJC_WEAK = YES;
				CLANG_WARN_BLOCK_CAPTURE_AUTORELEASING = YES;
				CLANG_WARN_BOOL_CONVERSION = YES;
				CLANG_WARN_COMMA = YES;
				CLANG_WARN_CONSTANT_CONVERSION = YES;
				CLANG_WARN_DEPRECATED_OBJC_IMPLEMENTATIONS = YES;
				CLANG_WARN_DIRECT_OBJC_ISA_USAGE = YES_ERROR;
				CLANG_WARN_DOCUMENTATION_COMMENTS = YES;
				CLANG_WARN_EMPTY_BODY = YES;
				CLANG_WARN_ENUM_CONVERSION = YES;
				CLANG_WARN_INFINITE_RECURSION = YES;
				CLANG_WARN_INT_CONVERSION = YES;
				CLANG_WARN_NON_LITERAL_NULL_CONVERSION = YES;
				CLANG_WARN_OBJC_IMPLICIT_RETAIN_SELF = YES;
				CLANG_WARN_OBJC_LITERAL_CONVERSION = YES;
				CLANG_WARN_OBJC_ROOT_CLASS = YES_ERROR;
				CLANG_WARN_QUOTED_INCLUDE_IN_FRAMEWORK_HEADER = YES;
				CLANG_WARN_RANGE_LOOP_ANALYSIS = YES;
				CLANG_WARN_STRICT_PROTOTYPES = YES;
				CLANG_WARN_SUSPICIOUS_MOVE = YES;
				CLANG_WARN_UNGUARDED_AVAILABILITY = YES_AGGRESSIVE;
				CLANG_WARN_UNREACHABLE_CODE = YES;
				CLANG_WARN__DUPLICATE_METHOD_MATCH = YES;
				COPY_PHASE_STRIP = NO;
				DEBUG_INFORMATION_FORMAT = dwarf;
				ENABLE_STRICT_OBJC_MSGSEND = YES;
				ENABLE_TESTABILITY = YES;
				GCC_C_LANGUAGE_STANDARD = gnu11;
				GCC_DYNAMIC_NO_PIC = NO;
				GCC_NO_COMMON_BLOCKS = YES;
				GCC_OPTIMIZATION_LEVEL = 0;
				GCC_PREPROCESSOR_DEFINITIONS = (
					"DEBUG=1",
					"$(inherited)",
				);
				GCC_WARN_64_TO_32_BIT_CONVERSION = YES;
				GCC_WARN_ABOUT_RETURN_TYPE = YES_ERROR;
				GCC_WARN_UNDECLARED_SELECTOR = YES;
				GCC_WARN_UNINITIALIZED_AUTOS = YES_AGGRESSIVE;
				GCC_WARN_UNUSED_FUNCTION = YES;
				GCC_WARN_UNUSED_VARIABLE = YES;
				IPHONEOS_DEPLOYMENT_TARGET = 15.2;
				MTL_ENABLE_DEBUG_INFO = INCLUDE_SOURCE;
				MTL_FAST_MATH = YES;
				ONLY_ACTIVE_ARCH = YES;
				SDKROOT = iphoneos;
				SWIFT_ACTIVE_COMPILATION_CONDITIONS = DEBUG;
				SWIFT_OPTIMIZATION_LEVEL = "-Onone";
			};
			name = Debug;
		};
		7547A0C82D3298530098CA11 /* Release */ = {
			isa = XCBuildConfiguration;
			buildSettings = {
				ALWAYS_SEARCH_USER_PATHS = NO;
				CLANG_ANALYZER_NONNULL = YES;
				CLANG_ANALYZER_NUMBER_OBJECT_CONVERSION = YES_AGGRESSIVE;
				CLANG_CXX_LANGUAGE_STANDARD = "gnu++17";
				CLANG_CXX_LIBRARY = "libc++";
				CLANG_ENABLE_MODULES = YES;
				CLANG_ENABLE_OBJC_ARC = YES;
				CLANG_ENABLE_OBJC_WEAK = YES;
				CLANG_WARN_BLOCK_CAPTURE_AUTORELEASING = YES;
				CLANG_WARN_BOOL_CONVERSION = YES;
				CLANG_WARN_COMMA = YES;
				CLANG_WARN_CONSTANT_CONVERSION = YES;
				CLANG_WARN_DEPRECATED_OBJC_IMPLEMENTATIONS = YES;
				CLANG_WARN_DIRECT_OBJC_ISA_USAGE = YES_ERROR;
				CLANG_WARN_DOCUMENTATION_COMMENTS = YES;
				CLANG_WARN_EMPTY_BODY = YES;
				CLANG_WARN_ENUM_CONVERSION = YES;
				CLANG_WARN_INFINITE_RECURSION = YES;
				CLANG_WARN_INT_CONVERSION = YES;
				CLANG_WARN_NON_LITERAL_NULL_CONVERSION = YES;
				CLANG_WARN_OBJC_IMPLICIT_RETAIN_SELF = YES;
				CLANG_WARN_OBJC_LITERAL_CONVERSION = YES;
				CLANG_WARN_OBJC_ROOT_CLASS = YES_ERROR;
				CLANG_WARN_QUOTED_INCLUDE_IN_FRAMEWORK_HEADER = YES;
				CLANG_WARN_RANGE_LOOP_ANALYSIS = YES;
				CLANG_WARN_STRICT_PROTOTYPES = YES;
				CLANG_WARN_SUSPICIOUS_MOVE = YES;
				CLANG_WARN_UNGUARDED_AVAILABILITY = YES_AGGRESSIVE;
				CLANG_WARN_UNREACHABLE_CODE = YES;
				CLANG_WARN__DUPLICATE_METHOD_MATCH = YES;
				COPY_PHASE_STRIP = NO;
				DEBUG_INFORMATION_FORMAT = "dwarf-with-dsym";
				ENABLE_NS_ASSERTIONS = NO;
				ENABLE_STRICT_OBJC_MSGSEND = YES;
				GCC_C_LANGUAGE_STANDARD = gnu11;
				GCC_NO_COMMON_BLOCKS = YES;
				GCC_WARN_64_TO_32_BIT_CONVERSION = YES;
				GCC_WARN_ABOUT_RETURN_TYPE = YES_ERROR;
				GCC_WARN_UNDECLARED_SELECTOR = YES;
				GCC_WARN_UNINITIALIZED_AUTOS = YES_AGGRESSIVE;
				GCC_WARN_UNUSED_FUNCTION = YES;
				GCC_WARN_UNUSED_VARIABLE = YES;
				IPHONEOS_DEPLOYMENT_TARGET = 15.2;
				MTL_ENABLE_DEBUG_INFO = NO;
				MTL_FAST_MATH = YES;
				SDKROOT = iphoneos;
				SWIFT_COMPILATION_MODE = wholemodule;
				SWIFT_OPTIMIZATION_LEVEL = "-O";
				VALIDATE_PRODUCT = YES;
			};
			name = Release;
		};
		7547A0CA2D3298530098CA11 /* Debug */ = {
			isa = XCBuildConfiguration;
			buildSettings = {
				ASSETCATALOG_COMPILER_APPICON_NAME = AppIcon;
				ASSETCATALOG_COMPILER_GLOBAL_ACCENT_COLOR_NAME = AccentColor;
				CODE_SIGN_STYLE = Automatic;
				CURRENT_PROJECT_VERSION = 1;
				GENERATE_INFOPLIST_FILE = YES;
				INFOPLIST_FILE = Lesson3_3/Info.plist;
				INFOPLIST_KEY_UIApplicationSupportsIndirectInputEvents = YES;
				INFOPLIST_KEY_UILaunchStoryboardName = LaunchScreen;
				INFOPLIST_KEY_UISupportedInterfaceOrientations = UIInterfaceOrientationPortrait;
				INFOPLIST_KEY_UISupportedInterfaceOrientations_iPad = "UIInterfaceOrientationPortrait UIInterfaceOrientationPortraitUpsideDown UIInterfaceOrientationLandscapeLeft UIInterfaceOrientationLandscapeRight";
				INFOPLIST_KEY_UISupportedInterfaceOrientations_iPhone = "UIInterfaceOrientationPortrait UIInterfaceOrientationLandscapeLeft UIInterfaceOrientationLandscapeRight";
				LD_RUNPATH_SEARCH_PATHS = (
					"$(inherited)",
					"@executable_path/Frameworks",
				);
				MARKETING_VERSION = 1.0;
				PRODUCT_BUNDLE_IDENTIFIER = "Mastepan.Lesson3-3";
				PRODUCT_NAME = "$(TARGET_NAME)";
				SWIFT_EMIT_LOC_STRINGS = YES;
				SWIFT_VERSION = 5.0;
				TARGETED_DEVICE_FAMILY = "1,2";
			};
			name = Debug;
		};
		7547A0CB2D3298530098CA11 /* Release */ = {
			isa = XCBuildConfiguration;
			buildSettings = {
				ASSETCATALOG_COMPILER_APPICON_NAME = AppIcon;
				ASSETCATALOG_COMPILER_GLOBAL_ACCENT_COLOR_NAME = AccentColor;
				CODE_SIGN_STYLE = Automatic;
				CURRENT_PROJECT_VERSION = 1;
				GENERATE_INFOPLIST_FILE = YES;
				INFOPLIST_FILE = Lesson3_3/Info.plist;
				INFOPLIST_KEY_UIApplicationSupportsIndirectInputEvents = YES;
				INFOPLIST_KEY_UILaunchStoryboardName = LaunchScreen;
				INFOPLIST_KEY_UISupportedInterfaceOrientations = UIInterfaceOrientationPortrait;
				INFOPLIST_KEY_UISupportedInterfaceOrientations_iPad = "UIInterfaceOrientationPortrait UIInterfaceOrientationPortraitUpsideDown UIInterfaceOrientationLandscapeLeft UIInterfaceOrientationLandscapeRight";
				INFOPLIST_KEY_UISupportedInterfaceOrientations_iPhone = "UIInterfaceOrientationPortrait UIInterfaceOrientationLandscapeLeft UIInterfaceOrientationLandscapeRight";
				LD_RUNPATH_SEARCH_PATHS = (
					"$(inherited)",
					"@executable_path/Frameworks",
				);
				MARKETING_VERSION = 1.0;
				PRODUCT_BUNDLE_IDENTIFIER = "Mastepan.Lesson3-3";
				PRODUCT_NAME = "$(TARGET_NAME)";
				SWIFT_EMIT_LOC_STRINGS = YES;
				SWIFT_VERSION = 5.0;
				TARGETED_DEVICE_FAMILY = "1,2";
			};
			name = Release;
		};
/* End XCBuildConfiguration section */

/* Begin XCConfigurationList section */
		7547A0B02D32984D0098CA11 /* Build configuration list for PBXProject "Lesson3_3" */ = {
			isa = XCConfigurationList;
			buildConfigurations = (
				7547A0C72D3298530098CA11 /* Debug */,
				7547A0C82D3298530098CA11 /* Release */,
			);
			defaultConfigurationIsVisible = 0;
			defaultConfigurationName = Release;
		};
		7547A0C92D3298530098CA11 /* Build configuration list for PBXNativeTarget "Lesson3_3" */ = {
			isa = XCConfigurationList;
			buildConfigurations = (
				7547A0CA2D3298530098CA11 /* Debug */,
				7547A0CB2D3298530098CA11 /* Release */,
			);
			defaultConfigurationIsVisible = 0;
			defaultConfigurationName = Release;
		};
/* End XCConfigurationList section */
	};
	rootObject = 7547A0AD2D32984D0098CA11 /* Project object */;
}
